
Microsoft Visual Studio Solution File, Format Version 12.00
# Visual Studio Version 17
VisualStudioVersion = 17.0.31903.59
MinimumVisualStudioVersion = 10.0.40219.1
Project("{FAE04EC0-301F-11D3-BF4B-00C04F79EFBC}") = "Movies.Presentation", "Movies.Presentation\Movies.Presentation.csproj", "{72143C49-0FCD-405A-B8DA-5310EEDB041D}"
EndProject
Project("{FAE04EC0-301F-11D3-BF4B-00C04F79EFBC}") = "Movies.Application", "Movies.Application\Movies.Application.csproj", "{E561686B-7535-4E2B-841E-EDA413B2E961}"
EndProject
Project("{FAE04EC0-301F-11D3-BF4B-00C04F79EFBC}") = "Movies.Contracts", "Movies.Contracts\Movies.Contracts.csproj", "{3CB29B4F-AB04-488A-9EAC-C329744C38DF}"
EndProject
Project("{FAE04EC0-301F-11D3-BF4B-00C04F79EFBC}") = "Movies.Domain", "Movies.Domain\Movies.Domain.csproj", "{C7F204FB-C5F5-4D53-A58F-B9B541E88051}"
EndProject
Project("{FAE04EC0-301F-11D3-BF4B-00C04F79EFBC}") = "Movies.Infrastructure", "Movies.Infrastructure\Movies.Infrastructure.csproj", "{403C4225-A677-431A-8588-D5FCD283FD92}"
EndProject
Global
	GlobalSection(SolutionConfigurationPlatforms) = preSolution
		Debug|Any CPU = Debug|Any CPU
		Release|Any CPU = Release|Any CPU
	EndGlobalSection
	GlobalSection(SolutionProperties) = preSolution
		HideSolutionNode = FALSE
	EndGlobalSection
	GlobalSection(ProjectConfigurationPlatforms) = postSolution
		{72143C49-0FCD-405A-B8DA-5310EEDB041D}.Debug|Any CPU.ActiveCfg = Debug|Any CPU
		{72143C49-0FCD-405A-B8DA-5310EEDB041D}.Debug|Any CPU.Build.0 = Debug|Any CPU
		{72143C49-0FCD-405A-B8DA-5310EEDB041D}.Release|Any CPU.ActiveCfg = Release|Any CPU
		{72143C49-0FCD-405A-B8DA-5310EEDB041D}.Release|Any CPU.Build.0 = Release|Any CPU
		{E561686B-7535-4E2B-841E-EDA413B2E961}.Debug|Any CPU.ActiveCfg = Debug|Any CPU
		{E561686B-7535-4E2B-841E-EDA413B2E961}.Debug|Any CPU.Build.0 = Debug|Any CPU
		{E561686B-7535-4E2B-841E-EDA413B2E961}.Release|Any CPU.ActiveCfg = Release|Any CPU
		{E561686B-7535-4E2B-841E-EDA413B2E961}.Release|Any CPU.Build.0 = Release|Any CPU
		{3CB29B4F-AB04-488A-9EAC-C329744C38DF}.Debug|Any CPU.ActiveCfg = Debug|Any CPU
		{3CB29B4F-AB04-488A-9EAC-C329744C38DF}.Debug|Any CPU.Build.0 = Debug|Any CPU
		{3CB29B4F-AB04-488A-9EAC-C329744C38DF}.Release|Any CPU.ActiveCfg = Release|Any CPU
		{3CB29B4F-AB04-488A-9EAC-C329744C38DF}.Release|Any CPU.Build.0 = Release|Any CPU
		{C7F204FB-C5F5-4D53-A58F-B9B541E88051}.Debug|Any CPU.ActiveCfg = Debug|Any CPU
		{C7F204FB-C5F5-4D53-A58F-B9B541E88051}.Debug|Any CPU.Build.0 = Debug|Any CPU
		{C7F204FB-C5F5-4D53-A58F-B9B541E88051}.Release|Any CPU.ActiveCfg = Release|Any CPU
		{C7F204FB-C5F5-4D53-A58F-B9B541E88051}.Release|Any CPU.Build.0 = Release|Any CPU
		{403C4225-A677-431A-8588-D5FCD283FD92}.Debug|Any CPU.ActiveCfg = Debug|Any CPU
		{403C4225-A677-431A-8588-D5FCD283FD92}.Debug|Any CPU.Build.0 = Debug|Any CPU
		{403C4225-A677-431A-8588-D5FCD283FD92}.Release|Any CPU.ActiveCfg = Release|Any CPU
		{403C4225-A677-431A-8588-D5FCD283FD92}.Release|Any CPU.Build.0 = Release|Any CPU
	EndGlobalSection
EndGlobal
